
Microsoft Visual Studio Solution File, Format Version 11.00
# Visual Studio 2010
Project("{8BC9CEB8-8B4A-11D0-8D11-00A0C91BC942}") = "test", "test\test.vcxproj", "{9741E03B-F5B2-4442-B1C5-F4CF09F9EF15}"
EndProject
Global
	GlobalSection(SolutionConfigurationPlatforms) = preSolution
		Debug|Win32 = Debug|Win32
		Release|Win32 = Release|Win32
	EndGlobalSection
	GlobalSection(ProjectConfigurationPlatforms) = postSolution
		{9741E03B-F5B2-4442-B1C5-F4CF09F9EF15}.Debug|Win32.ActiveCfg = Debug|Win32
		{9741E03B-F5B2-4442-B1C5-F4CF09F9EF15}.Debug|Win32.Build.0 = Debug|Win32
		{9741E03B-F5B2-4442-B1C5-F4CF09F9EF15}.Release|Win32.ActiveCfg = Release|Win32
		{9741E03B-F5B2-4442-B1C5-F4CF09F9EF15}.Release|Win32.Build.0 = Release|Win32
	EndGlobalSection
	GlobalSection(SolutionProperties) = preSolution
		HideSolutionNode = FALSE
	EndGlobalSection
EndGlobal
