
Microsoft Visual Studio Solution File, Format Version 11.00
# Visual Studio 2010
Project("{8BC9CEB8-8B4A-11D0-8D11-00A0C91BC942}") = "H", "H\H.vcxproj", "{7DB27B11-A71D-4064-92E4-4C5EF86D78FA}"
EndProject
Global
	GlobalSection(SolutionConfigurationPlatforms) = preSolution
		Debug|Win32 = Debug|Win32
		Release|Win32 = Release|Win32
	EndGlobalSection
	GlobalSection(ProjectConfigurationPlatforms) = postSolution
		{7DB27B11-A71D-4064-92E4-4C5EF86D78FA}.Debug|Win32.ActiveCfg = Debug|Win32
		{7DB27B11-A71D-4064-92E4-4C5EF86D78FA}.Debug|Win32.Build.0 = Debug|Win32
		{7DB27B11-A71D-4064-92E4-4C5EF86D78FA}.Release|Win32.ActiveCfg = Release|Win32
		{7DB27B11-A71D-4064-92E4-4C5EF86D78FA}.Release|Win32.Build.0 = Release|Win32
	EndGlobalSection
	GlobalSection(SolutionProperties) = preSolution
		HideSolutionNode = FALSE
	EndGlobalSection
EndGlobal
